# This file is generated by running "yarn install" inside your project.
# Manual changes might be lost - proceed with caution!

__metadata:
  version: 4
  cacheKey: 4

"memexbackup@workspace:.":
  version: 0.0.0-use.local
  resolution: "memexbackup@workspace:."
  dependencies:
    tiddlywiki: 5.1.22
  languageName: unknown
  linkType: soft

"tiddlywiki@npm:5.1.22":
  version: 5.1.22
  resolution: "tiddlywiki@npm:5.1.22"
  bin:
    tiddlywiki: tiddlywiki.js
  checksum: 1867747934b164da78ed1960e2a056aedcabb63047fb2df6d1e3d4a0a5d10222db5bbbf8c0d86c47e975a6bf88529fb4a955a66ccdd2d2facc993d0cdcff3cde
  languageName: node
  linkType: hard
